// !$*UTF8*$!
{
	archiveVersion = 1;
	classes = {
	};
	objectVersion = 77;
	objects = {

/* Begin PBXBuildFile section */
		CEB1CF802E07DA480099B86D /* FirebaseAnalytics in Frameworks */ = {isa = PBXBuildFile; productRef = CEB1CF7F2E07DA480099B86D /* FirebaseAnalytics */; };
		CEB1CF822E07DA480099B86D /* FirebaseAppCheck in Frameworks */ = {isa = PBXBuildFile; productRef = CEB1CF812E07DA480099B86D /* FirebaseAppCheck */; };
		CEB1CF842E07DA480099B86D /* FirebaseAuth in Frameworks */ = {isa = PBXBuildFile; productRef = CEB1CF832E07DA480099B86D /* FirebaseAuth */; };
		CEB1CF862E07DA480099B86D /* FirebaseCore in Frameworks */ = {isa = PBXBuildFile; productRef = CEB1CF852E07DA480099B86D /* FirebaseCore */; };
		CEB1CF882E07DA480099B86D /* FirebaseCrashlytics in Frameworks */ = {isa = PBXBuildFile; productRef = CEB1CF872E07DA480099B86D /* FirebaseCrashlytics */; };
		CEB1CF8A2E07DA480099B86D /* FirebaseDatabase in Frameworks */ = {isa = PBXBuildFile; productRef = CEB1CF892E07DA480099B86D /* FirebaseDatabase */; };
		CEB1CF8C2E07DA480099B86D /* FirebaseFirestore in Frameworks */ = {isa = PBXBuildFile; productRef = CEB1CF8B2E07DA480099B86D /* FirebaseFirestore */; };
		CEB1CF8E2E07DA480099B86D /* FirebaseInAppMessaging-Beta in Frameworks */ = {isa = PBXBuildFile; productRef = CEB1CF8D2E07DA480099B86D /* FirebaseInAppMessaging-Beta */; };
		CEB1CF902E07DA480099B86D /* FirebaseMessaging in Frameworks */ = {isa = PBXBuildFile; productRef = CEB1CF8F2E07DA480099B86D /* FirebaseMessaging */; };
		CEB1CF922E07DA480099B86D /* FirebaseStorage in Frameworks */ = {isa = PBXBuildFile; productRef = CEB1CF912E07DA480099B86D /* FirebaseStorage */; };
		CEB1CFA82E07F3380099B86D /* GoogleSignIn in Frameworks */ = {isa = PBXBuildFile; productRef = CEB1CFA72E07F3380099B86D /* GoogleSignIn */; };
		CEB1CFAA2E07F3380099B86D /* GoogleSignInSwift in Frameworks */ = {isa = PBXBuildFile; productRef = CEB1CFA92E07F3380099B86D /* GoogleSignInSwift */; };
		CEF36EA12DF7F2530002AA42 /* Kingfisher in Frameworks */ = {isa = PBXBuildFile; productRef = CEF36EA02DF7F2530002AA42 /* Kingfisher */; };
/* End PBXBuildFile section */

/* Begin PBXFileReference section */
		CEF36E7C2DF7E7FB0002AA42 /* StateObg-ObservedObjLearning.app */ = {isa = PBXFileReference; explicitFileType = wrapper.application; includeInIndex = 0; path = "StateObg-ObservedObjLearning.app"; sourceTree = BUILT_PRODUCTS_DIR; };
/* End PBXFileReference section */

/* Begin PBXFileSystemSynchronizedBuildFileExceptionSet section */
		CE9CDB4A2E07053700481C3E /* Exceptions for "StateObg-ObservedObjLearning" folder in "StateObg-ObservedObjLearning" target */ = {
			isa = PBXFileSystemSynchronizedBuildFileExceptionSet;
			membershipExceptions = (
				Info.plist,
			);
			target = CEF36E7B2DF7E7FB0002AA42 /* StateObg-ObservedObjLearning */;
		};
/* End PBXFileSystemSynchronizedBuildFileExceptionSet section */

/* Begin PBXFileSystemSynchronizedRootGroup section */
		CEF36E7E2DF7E7FB0002AA42 /* StateObg-ObservedObjLearning */ = {
			isa = PBXFileSystemSynchronizedRootGroup;
			exceptions = (
				CE9CDB4A2E07053700481C3E /* Exceptions for "StateObg-ObservedObjLearning" folder in "StateObg-ObservedObjLearning" target */,
			);
			path = "StateObg-ObservedObjLearning";
			sourceTree = "<group>";
		};
/* End PBXFileSystemSynchronizedRootGroup section */

/* Begin PBXFrameworksBuildPhase section */
		CEF36E792DF7E7FB0002AA42 /* Frameworks */ = {
			isa = PBXFrameworksBuildPhase;
			buildActionMask = 2147483647;
			files = (
				CEB1CF802E07DA480099B86D /* FirebaseAnalytics in Frameworks */,
				CEB1CF862E07DA480099B86D /* FirebaseCore in Frameworks */,
				CEB1CF902E07DA480099B86D /* FirebaseMessaging in Frameworks */,
				CEB1CF8E2E07DA480099B86D /* FirebaseInAppMessaging-Beta in Frameworks */,
				CEB1CF822E07DA480099B86D /* FirebaseAppCheck in Frameworks */,
				CEB1CFAA2E07F3380099B86D /* GoogleSignInSwift in Frameworks */,
				CEB1CFA82E07F3380099B86D /* GoogleSignIn in Frameworks */,
				CEB1CF882E07DA480099B86D /* FirebaseCrashlytics in Frameworks */,
				CEF36EA12DF7F2530002AA42 /* Kingfisher in Frameworks */,
				CEB1CF8C2E07DA480099B86D /* FirebaseFirestore in Frameworks */,
				CEB1CF922E07DA480099B86D /* FirebaseStorage in Frameworks */,
				CEB1CF8A2E07DA480099B86D /* FirebaseDatabase in Frameworks */,
				CEB1CF842E07DA480099B86D /* FirebaseAuth in Frameworks */,
			);
			runOnlyForDeploymentPostprocessing = 0;
		};
/* End PBXFrameworksBuildPhase section */

/* Begin PBXGroup section */
		CEF36E732DF7E7FB0002AA42 = {
			isa = PBXGroup;
			children = (
				CEF36E7E2DF7E7FB0002AA42 /* StateObg-ObservedObjLearning */,
				CEF36E7D2DF7E7FB0002AA42 /* Products */,
			);
			sourceTree = "<group>";
		};
		CEF36E7D2DF7E7FB0002AA42 /* Products */ = {
			isa = PBXGroup;
			children = (
				CEF36E7C2DF7E7FB0002AA42 /* StateObg-ObservedObjLearning.app */,
			);
			name = Products;
			sourceTree = "<group>";
		};
/* End PBXGroup section */

/* Begin PBXNativeTarget section */
		CEF36E7B2DF7E7FB0002AA42 /* StateObg-ObservedObjLearning */ = {
			isa = PBXNativeTarget;
			buildConfigurationList = CEF36E8A2DF7E7FD0002AA42 /* Build configuration list for PBXNativeTarget "StateObg-ObservedObjLearning" */;
			buildPhases = (
				CEF36E782DF7E7FB0002AA42 /* Sources */,
				CEF36E792DF7E7FB0002AA42 /* Frameworks */,
				CEF36E7A2DF7E7FB0002AA42 /* Resources */,
			);
			buildRules = (
			);
			dependencies = (
			);
			fileSystemSynchronizedGroups = (
				CEF36E7E2DF7E7FB0002AA42 /* StateObg-ObservedObjLearning */,
			);
			name = "StateObg-ObservedObjLearning";
			packageProductDependencies = (
				CEF36EA02DF7F2530002AA42 /* Kingfisher */,
				CEB1CF7F2E07DA480099B86D /* FirebaseAnalytics */,
				CEB1CF812E07DA480099B86D /* FirebaseAppCheck */,
				CEB1CF832E07DA480099B86D /* FirebaseAuth */,
				CEB1CF852E07DA480099B86D /* FirebaseCore */,
				CEB1CF872E07DA480099B86D /* FirebaseCrashlytics */,
				CEB1CF892E07DA480099B86D /* FirebaseDatabase */,
				CEB1CF8B2E07DA480099B86D /* FirebaseFirestore */,
				CEB1CF8D2E07DA480099B86D /* FirebaseInAppMessaging-Beta */,
				CEB1CF8F2E07DA480099B86D /* FirebaseMessaging */,
				CEB1CF912E07DA480099B86D /* FirebaseStorage */,
				CEB1CFA72E07F3380099B86D /* GoogleSignIn */,
				CEB1CFA92E07F3380099B86D /* GoogleSignInSwift */,
			);
			productName = "StateObg-ObservedObjLearning";
			productReference = CEF36E7C2DF7E7FB0002AA42 /* StateObg-ObservedObjLearning.app */;
			productType = "com.apple.product-type.application";
		};
/* End PBXNativeTarget section */

/* Begin PBXProject section */
		CEF36E742DF7E7FB0002AA42 /* Project object */ = {
			isa = PBXProject;
			attributes = {
				BuildIndependentTargetsInParallel = 1;
				LastSwiftUpdateCheck = 1620;
				LastUpgradeCheck = 1620;
				TargetAttributes = {
					CEF36E7B2DF7E7FB0002AA42 = {
						CreatedOnToolsVersion = 16.2;
					};
				};
			};
			buildConfigurationList = CEF36E772DF7E7FB0002AA42 /* Build configuration list for PBXProject "StateObg-ObservedObjLearning" */;
			developmentRegion = en;
			hasScannedForEncodings = 0;
			knownRegions = (
				en,
				Base,
			);
			mainGroup = CEF36E732DF7E7FB0002AA42;
			minimizedProjectReferenceProxies = 1;
			packageReferences = (
				CEF36E9F2DF7F2530002AA42 /* XCRemoteSwiftPackageReference "Kingfisher" */,
				CEB1CF7E2E07DA480099B86D /* XCRemoteSwiftPackageReference "firebase-ios-sdk" */,
				CEB1CFA62E07F3380099B86D /* XCRemoteSwiftPackageReference "GoogleSignIn-iOS" */,
			);
			preferredProjectObjectVersion = 77;
			productRefGroup = CEF36E7D2DF7E7FB0002AA42 /* Products */;
			projectDirPath = "";
			projectRoot = "";
			targets = (
				CEF36E7B2DF7E7FB0002AA42 /* StateObg-ObservedObjLearning */,
			);
		};
/* End PBXProject section */

/* Begin PBXResourcesBuildPhase section */
		CEF36E7A2DF7E7FB0002AA42 /* Resources */ = {
			isa = PBXResourcesBuildPhase;
			buildActionMask = 2147483647;
			files = (
			);
			runOnlyForDeploymentPostprocessing = 0;
		};
/* End PBXResourcesBuildPhase section */

/* Begin PBXSourcesBuildPhase section */
		CEF36E782DF7E7FB0002AA42 /* Sources */ = {
			isa = PBXSourcesBuildPhase;
			buildActionMask = 2147483647;
			files = (
			);
			runOnlyForDeploymentPostprocessing = 0;
		};
/* End PBXSourcesBuildPhase section */

/* Begin XCBuildConfiguration section */
		CEF36E882DF7E7FD0002AA42 /* Debug */ = {
			isa = XCBuildConfiguration;
			buildSettings = {
				ALWAYS_SEARCH_USER_PATHS = NO;
				ASSETCATALOG_COMPILER_GENERATE_SWIFT_ASSET_SYMBOL_EXTENSIONS = YES;
				CLANG_ANALYZER_NONNULL = YES;
				CLANG_ANALYZER_NUMBER_OBJECT_CONVERSION = YES_AGGRESSIVE;
				CLANG_CXX_LANGUAGE_STANDARD = "gnu++20";
				CLANG_ENABLE_MODULES = YES;
				CLANG_ENABLE_OBJC_ARC = YES;
				CLANG_ENABLE_OBJC_WEAK = YES;
				CLANG_WARN_BLOCK_CAPTURE_AUTORELEASING = YES;
				CLANG_WARN_BOOL_CONVERSION = YES;
				CLANG_WARN_COMMA = YES;
				CLANG_WARN_CONSTANT_CONVERSION = YES;
				CLANG_WARN_DEPRECATED_OBJC_IMPLEMENTATIONS = YES;
				CLANG_WARN_DIRECT_OBJC_ISA_USAGE = YES_ERROR;
				CLANG_WARN_DOCUMENTATION_COMMENTS = YES;
				CLANG_WARN_EMPTY_BODY = YES;
				CLANG_WARN_ENUM_CONVERSION = YES;
				CLANG_WARN_INFINITE_RECURSION = YES;
				CLANG_WARN_INT_CONVERSION = YES;
				CLANG_WARN_NON_LITERAL_NULL_CONVERSION = YES;
				CLANG_WARN_OBJC_IMPLICIT_RETAIN_SELF = YES;
				CLANG_WARN_OBJC_LITERAL_CONVERSION = YES;
				CLANG_WARN_OBJC_ROOT_CLASS = YES_ERROR;
				CLANG_WARN_QUOTED_INCLUDE_IN_FRAMEWORK_HEADER = YES;
				CLANG_WARN_RANGE_LOOP_ANALYSIS = YES;
				CLANG_WARN_STRICT_PROTOTYPES = YES;
				CLANG_WARN_SUSPICIOUS_MOVE = YES;
				CLANG_WARN_UNGUARDED_AVAILABILITY = YES_AGGRESSIVE;
				CLANG_WARN_UNREACHABLE_CODE = YES;
				CLANG_WARN__DUPLICATE_METHOD_MATCH = YES;
				COPY_PHASE_STRIP = NO;
				DEBUG_INFORMATION_FORMAT = dwarf;
				ENABLE_STRICT_OBJC_MSGSEND = YES;
				ENABLE_TESTABILITY = YES;
				ENABLE_USER_SCRIPT_SANDBOXING = YES;
				GCC_C_LANGUAGE_STANDARD = gnu17;
				GCC_DYNAMIC_NO_PIC = NO;
				GCC_NO_COMMON_BLOCKS = YES;
				GCC_OPTIMIZATION_LEVEL = 0;
				GCC_PREPROCESSOR_DEFINITIONS = (
					"DEBUG=1",
					"$(inherited)",
				);
				GCC_WARN_64_TO_32_BIT_CONVERSION = YES;
				GCC_WARN_ABOUT_RETURN_TYPE = YES_ERROR;
				GCC_WARN_UNDECLARED_SELECTOR = YES;
				GCC_WARN_UNINITIALIZED_AUTOS = YES_AGGRESSIVE;
				GCC_WARN_UNUSED_FUNCTION = YES;
				GCC_WARN_UNUSED_VARIABLE = YES;
				IPHONEOS_DEPLOYMENT_TARGET = 18.2;
				LOCALIZATION_PREFERS_STRING_CATALOGS = YES;
				MTL_ENABLE_DEBUG_INFO = INCLUDE_SOURCE;
				MTL_FAST_MATH = YES;
				ONLY_ACTIVE_ARCH = YES;
				SDKROOT = iphoneos;
				SWIFT_ACTIVE_COMPILATION_CONDITIONS = "DEBUG $(inherited)";
				SWIFT_OPTIMIZATION_LEVEL = "-Onone";
			};
			name = Debug;
		};
		CEF36E892DF7E7FD0002AA42 /* Release */ = {
			isa = XCBuildConfiguration;
			buildSettings = {
				ALWAYS_SEARCH_USER_PATHS = NO;
				ASSETCATALOG_COMPILER_GENERATE_SWIFT_ASSET_SYMBOL_EXTENSIONS = YES;
				CLANG_ANALYZER_NONNULL = YES;
				CLANG_ANALYZER_NUMBER_OBJECT_CONVERSION = YES_AGGRESSIVE;
				CLANG_CXX_LANGUAGE_STANDARD = "gnu++20";
				CLANG_ENABLE_MODULES = YES;
				CLANG_ENABLE_OBJC_ARC = YES;
				CLANG_ENABLE_OBJC_WEAK = YES;
				CLANG_WARN_BLOCK_CAPTURE_AUTORELEASING = YES;
				CLANG_WARN_BOOL_CONVERSION = YES;
				CLANG_WARN_COMMA = YES;
				CLANG_WARN_CONSTANT_CONVERSION = YES;
				CLANG_WARN_DEPRECATED_OBJC_IMPLEMENTATIONS = YES;
				CLANG_WARN_DIRECT_OBJC_ISA_USAGE = YES_ERROR;
				CLANG_WARN_DOCUMENTATION_COMMENTS = YES;
				CLANG_WARN_EMPTY_BODY = YES;
				CLANG_WARN_ENUM_CONVERSION = YES;
				CLANG_WARN_INFINITE_RECURSION = YES;
				CLANG_WARN_INT_CONVERSION = YES;
				CLANG_WARN_NON_LITERAL_NULL_CONVERSION = YES;
				CLANG_WARN_OBJC_IMPLICIT_RETAIN_SELF = YES;
				CLANG_WARN_OBJC_LITERAL_CONVERSION = YES;
				CLANG_WARN_OBJC_ROOT_CLASS = YES_ERROR;
				CLANG_WARN_QUOTED_INCLUDE_IN_FRAMEWORK_HEADER = YES;
				CLANG_WARN_RANGE_LOOP_ANALYSIS = YES;
				CLANG_WARN_STRICT_PROTOTYPES = YES;
				CLANG_WARN_SUSPICIOUS_MOVE = YES;
				CLANG_WARN_UNGUARDED_AVAILABILITY = YES_AGGRESSIVE;
				CLANG_WARN_UNREACHABLE_CODE = YES;
				CLANG_WARN__DUPLICATE_METHOD_MATCH = YES;
				COPY_PHASE_STRIP = NO;
				DEBUG_INFORMATION_FORMAT = "dwarf-with-dsym";
				ENABLE_NS_ASSERTIONS = NO;
				ENABLE_STRICT_OBJC_MSGSEND = YES;
				ENABLE_USER_SCRIPT_SANDBOXING = YES;
				GCC_C_LANGUAGE_STANDARD = gnu17;
				GCC_NO_COMMON_BLOCKS = YES;
				GCC_WARN_64_TO_32_BIT_CONVERSION = YES;
				GCC_WARN_ABOUT_RETURN_TYPE = YES_ERROR;
				GCC_WARN_UNDECLARED_SELECTOR = YES;
				GCC_WARN_UNINITIALIZED_AUTOS = YES_AGGRESSIVE;
				GCC_WARN_UNUSED_FUNCTION = YES;
				GCC_WARN_UNUSED_VARIABLE = YES;
				IPHONEOS_DEPLOYMENT_TARGET = 18.2;
				LOCALIZATION_PREFERS_STRING_CATALOGS = YES;
				MTL_ENABLE_DEBUG_INFO = NO;
				MTL_FAST_MATH = YES;
				SDKROOT = iphoneos;
				SWIFT_COMPILATION_MODE = wholemodule;
				VALIDATE_PRODUCT = YES;
			};
			name = Release;
		};
		CEF36E8B2DF7E7FD0002AA42 /* Debug */ = {
			isa = XCBuildConfiguration;
			buildSettings = {
				ASSETCATALOG_COMPILER_APPICON_NAME = AppIcon;
				ASSETCATALOG_COMPILER_GLOBAL_ACCENT_COLOR_NAME = AccentColor;
				ASSETCATALOG_COMPILER_INCLUDE_ALL_APPICON_ASSETS = NO;
				CODE_SIGN_ENTITLEMENTS = "StateObg-ObservedObjLearning/StateObg-ObservedObjLearning.entitlements";
				CODE_SIGN_STYLE = Manual;
				CURRENT_PROJECT_VERSION = 1;
				DEVELOPMENT_ASSET_PATHS = "\"StateObg-ObservedObjLearning/Preview Content\"";
				DEVELOPMENT_TEAM = "";
				ENABLE_PREVIEWS = YES;
				GENERATE_INFOPLIST_FILE = YES;
				INFOPLIST_FILE = "StateObg-ObservedObjLearning/Info.plist";
				INFOPLIST_KEY_CFBundleDisplayName = Grabingo;
				INFOPLIST_KEY_LSApplicationCategoryType = "public.app-category.lifestyle";
				INFOPLIST_KEY_UIApplicationSceneManifest_Generation = YES;
				INFOPLIST_KEY_UIApplicationSupportsIndirectInputEvents = YES;
				INFOPLIST_KEY_UILaunchScreen_Generation = YES;
				INFOPLIST_KEY_UILaunchStoryboardName = LaunchScreen;
				INFOPLIST_KEY_UISupportedInterfaceOrientations = UIInterfaceOrientationPortrait;
				IPHONEOS_DEPLOYMENT_TARGET = 17;
				LD_RUNPATH_SEARCH_PATHS = (
					"$(inherited)",
					"@executable_path/Frameworks",
				);
				MARKETING_VERSION = 1.0;
				PRODUCT_BUNDLE_IDENTIFIER = iosdevkundan.com.grabingo;
				PRODUCT_NAME = "$(TARGET_NAME)";
				PROVISIONING_PROFILE_SPECIFIER = "";
				SUPPORTED_PLATFORMS = "iphoneos iphonesimulator";
				SUPPORTS_MACCATALYST = NO;
				SUPPORTS_MAC_DESIGNED_FOR_IPHONE_IPAD = NO;
				SUPPORTS_XR_DESIGNED_FOR_IPHONE_IPAD = NO;
				SWIFT_EMIT_LOC_STRINGS = YES;
				SWIFT_VERSION = 5.0;
				TARGETED_DEVICE_FAMILY = "1,2";
			};
			name = Debug;
		};
		CEF36E8C2DF7E7FD0002AA42 /* Release */ = {
			isa = XCBuildConfiguration;
			buildSettings = {
				ASSETCATALOG_COMPILER_APPICON_NAME = AppIcon;
				ASSETCATALOG_COMPILER_GLOBAL_ACCENT_COLOR_NAME = AccentColor;
				ASSETCATALOG_COMPILER_INCLUDE_ALL_APPICON_ASSETS = NO;
				CODE_SIGN_ENTITLEMENTS = "StateObg-ObservedObjLearning/StateObg-ObservedObjLearning.entitlements";
				CODE_SIGN_STYLE = Manual;
				CURRENT_PROJECT_VERSION = 1;
				DEVELOPMENT_ASSET_PATHS = "\"StateObg-ObservedObjLearning/Preview Content\"";
				DEVELOPMENT_TEAM = "";
				ENABLE_PREVIEWS = YES;
				GENERATE_INFOPLIST_FILE = YES;
				INFOPLIST_FILE = "StateObg-ObservedObjLearning/Info.plist";
				INFOPLIST_KEY_CFBundleDisplayName = Grabingo;
				INFOPLIST_KEY_LSApplicationCategoryType = "public.app-category.lifestyle";
				INFOPLIST_KEY_UIApplicationSceneManifest_Generation = YES;
				INFOPLIST_KEY_UIApplicationSupportsIndirectInputEvents = YES;
				INFOPLIST_KEY_UILaunchScreen_Generation = YES;
				INFOPLIST_KEY_UILaunchStoryboardName = LaunchScreen;
				INFOPLIST_KEY_UISupportedInterfaceOrientations = UIInterfaceOrientationPortrait;
				IPHONEOS_DEPLOYMENT_TARGET = 17;
				LD_RUNPATH_SEARCH_PATHS = (
					"$(inherited)",
					"@executable_path/Frameworks",
				);
				MARKETING_VERSION = 1.0;
				PRODUCT_BUNDLE_IDENTIFIER = iosdevkundan.com.grabingo;
				PRODUCT_NAME = "$(TARGET_NAME)";
				PROVISIONING_PROFILE_SPECIFIER = "";
				SUPPORTED_PLATFORMS = "iphoneos iphonesimulator";
				SUPPORTS_MACCATALYST = NO;
				SUPPORTS_MAC_DESIGNED_FOR_IPHONE_IPAD = NO;
				SUPPORTS_XR_DESIGNED_FOR_IPHONE_IPAD = NO;
				SWIFT_EMIT_LOC_STRINGS = YES;
				SWIFT_VERSION = 5.0;
				TARGETED_DEVICE_FAMILY = "1,2";
			};
			name = Release;
		};
/* End XCBuildConfiguration section */

/* Begin XCConfigurationList section */
		CEF36E772DF7E7FB0002AA42 /* Build configuration list for PBXProject "StateObg-ObservedObjLearning" */ = {
			isa = XCConfigurationList;
			buildConfigurations = (
				CEF36E882DF7E7FD0002AA42 /* Debug */,
				CEF36E892DF7E7FD0002AA42 /* Release */,
			);
			defaultConfigurationIsVisible = 0;
			defaultConfigurationName = Release;
		};
		CEF36E8A2DF7E7FD0002AA42 /* Build configuration list for PBXNativeTarget "StateObg-ObservedObjLearning" */ = {
			isa = XCConfigurationList;
			buildConfigurations = (
				CEF36E8B2DF7E7FD0002AA42 /* Debug */,
				CEF36E8C2DF7E7FD0002AA42 /* Release */,
			);
			defaultConfigurationIsVisible = 0;
			defaultConfigurationName = Release;
		};
/* End XCConfigurationList section */

/* Begin XCRemoteSwiftPackageReference section */
		CEB1CF7E2E07DA480099B86D /* XCRemoteSwiftPackageReference "firebase-ios-sdk" */ = {
			isa = XCRemoteSwiftPackageReference;
			repositoryURL = "https://github.com/firebase/firebase-ios-sdk.git";
			requirement = {
				kind = upToNextMajorVersion;
				minimumVersion = 11.14.0;
			};
		};
		CEB1CFA62E07F3380099B86D /* XCRemoteSwiftPackageReference "GoogleSignIn-iOS" */ = {
			isa = XCRemoteSwiftPackageReference;
			repositoryURL = "https://github.com/google/GoogleSignIn-iOS";
			requirement = {
				kind = upToNextMajorVersion;
				minimumVersion = 8.0.0;
			};
		};
		CEF36E9F2DF7F2530002AA42 /* XCRemoteSwiftPackageReference "Kingfisher" */ = {
			isa = XCRemoteSwiftPackageReference;
			repositoryURL = "https://github.com/onevcat/Kingfisher.git";
			requirement = {
				kind = upToNextMajorVersion;
				minimumVersion = 8.3.2;
			};
		};
/* End XCRemoteSwiftPackageReference section */

/* Begin XCSwiftPackageProductDependency section */
		CEB1CF7F2E07DA480099B86D /* FirebaseAnalytics */ = {
			isa = XCSwiftPackageProductDependency;
			package = CEB1CF7E2E07DA480099B86D /* XCRemoteSwiftPackageReference "firebase-ios-sdk" */;
			productName = FirebaseAnalytics;
		};
		CEB1CF812E07DA480099B86D /* FirebaseAppCheck */ = {
			isa = XCSwiftPackageProductDependency;
			package = CEB1CF7E2E07DA480099B86D /* XCRemoteSwiftPackageReference "firebase-ios-sdk" */;
			productName = FirebaseAppCheck;
		};
		CEB1CF832E07DA480099B86D /* FirebaseAuth */ = {
			isa = XCSwiftPackageProductDependency;
			package = CEB1CF7E2E07DA480099B86D /* XCRemoteSwiftPackageReference "firebase-ios-sdk" */;
			productName = FirebaseAuth;
		};
		CEB1CF852E07DA480099B86D /* FirebaseCore */ = {
			isa = XCSwiftPackageProductDependency;
			package = CEB1CF7E2E07DA480099B86D /* XCRemoteSwiftPackageReference "firebase-ios-sdk" */;
			productName = FirebaseCore;
		};
		CEB1CF872E07DA480099B86D /* FirebaseCrashlytics */ = {
			isa = XCSwiftPackageProductDependency;
			package = CEB1CF7E2E07DA480099B86D /* XCRemoteSwiftPackageReference "firebase-ios-sdk" */;
			productName = FirebaseCrashlytics;
		};
		CEB1CF892E07DA480099B86D /* FirebaseDatabase */ = {
			isa = XCSwiftPackageProductDependency;
			package = CEB1CF7E2E07DA480099B86D /* XCRemoteSwiftPackageReference "firebase-ios-sdk" */;
			productName = FirebaseDatabase;
		};
		CEB1CF8B2E07DA480099B86D /* FirebaseFirestore */ = {
			isa = XCSwiftPackageProductDependency;
			package = CEB1CF7E2E07DA480099B86D /* XCRemoteSwiftPackageReference "firebase-ios-sdk" */;
			productName = FirebaseFirestore;
		};
		CEB1CF8D2E07DA480099B86D /* FirebaseInAppMessaging-Beta */ = {
			isa = XCSwiftPackageProductDependency;
			package = CEB1CF7E2E07DA480099B86D /* XCRemoteSwiftPackageReference "firebase-ios-sdk" */;
			productName = "FirebaseInAppMessaging-Beta";
		};
		CEB1CF8F2E07DA480099B86D /* FirebaseMessaging */ = {
			isa = XCSwiftPackageProductDependency;
			package = CEB1CF7E2E07DA480099B86D /* XCRemoteSwiftPackageReference "firebase-ios-sdk" */;
			productName = FirebaseMessaging;
		};
		CEB1CF912E07DA480099B86D /* FirebaseStorage */ = {
			isa = XCSwiftPackageProductDependency;
			package = CEB1CF7E2E07DA480099B86D /* XCRemoteSwiftPackageReference "firebase-ios-sdk" */;
			productName = FirebaseStorage;
		};
		CEB1CFA72E07F3380099B86D /* GoogleSignIn */ = {
			isa = XCSwiftPackageProductDependency;
			package = CEB1CFA62E07F3380099B86D /* XCRemoteSwiftPackageReference "GoogleSignIn-iOS" */;
			productName = GoogleSignIn;
		};
		CEB1CFA92E07F3380099B86D /* GoogleSignInSwift */ = {
			isa = XCSwiftPackageProductDependency;
			package = CEB1CFA62E07F3380099B86D /* XCRemoteSwiftPackageReference "GoogleSignIn-iOS" */;
			productName = GoogleSignInSwift;
		};
		CEF36EA02DF7F2530002AA42 /* Kingfisher */ = {
			isa = XCSwiftPackageProductDependency;
			package = CEF36E9F2DF7F2530002AA42 /* XCRemoteSwiftPackageReference "Kingfisher" */;
			productName = Kingfisher;
		};
/* End XCSwiftPackageProductDependency section */
	};
	rootObject = CEF36E742DF7E7FB0002AA42 /* Project object */;
}
